// !$*UTF8*$!
{
	archiveVersion = 1;
	classes = {
	};
	objectVersion = 50;
	objects = {

/* Begin PBXBuildFile section */
		D85EBBB124E6E050002F2435 /* AppDelegate.swift in Sources */ = {isa = PBXBuildFile; fileRef = D85EBBB024E6E050002F2435 /* AppDelegate.swift */; };
		D85EBBB324E6E050002F2435 /* SceneDelegate.swift in Sources */ = {isa = PBXBuildFile; fileRef = D85EBBB224E6E050002F2435 /* SceneDelegate.swift */; };
		D85EBBB524E6E050002F2435 /* ContentView.swift in Sources */ = {isa = PBXBuildFile; fileRef = D85EBBB424E6E050002F2435 /* ContentView.swift */; };
		D85EBBB724E6E051002F2435 /* Assets.xcassets in Resources */ = {isa = PBXBuildFile; fileRef = D85EBBB624E6E051002F2435 /* Assets.xcassets */; };
		D85EBBBA24E6E051002F2435 /* Preview Assets.xcassets in Resources */ = {isa = PBXBuildFile; fileRef = D85EBBB924E6E051002F2435 /* Preview Assets.xcassets */; };
		D85EBBBD24E6E051002F2435 /* LaunchScreen.storyboard in Resources */ = {isa = PBXBuildFile; fileRef = D85EBBBB24E6E051002F2435 /* LaunchScreen.storyboard */; };
/* End PBXBuildFile section */

/* Begin PBXFileReference section */
		D85EBBAD24E6E050002F2435 /* cs1930_a5.app */ = {isa = PBXFileReference; explicitFileType = wrapper.application; includeInIndex = 0; path = cs1930_a5.app; sourceTree = BUILT_PRODUCTS_DIR; };
		D85EBBB024E6E050002F2435 /* AppDelegate.swift */ = {isa = PBXFileReference; lastKnownFileType = sourcecode.swift; path = AppDelegate.swift; sourceTree = "<group>"; };
		D85EBBB224E6E050002F2435 /* SceneDelegate.swift */ = {isa = PBXFileReference; lastKnownFileType = sourcecode.swift; path = SceneDelegate.swift; sourceTree = "<group>"; };
		D85EBBB424E6E050002F2435 /* ContentView.swift */ = {isa = PBXFileReference; lastKnownFileType = sourcecode.swift; path = ContentView.swift; sourceTree = "<group>"; };
		D85EBBB624E6E051002F2435 /* Assets.xcassets */ = {isa = PBXFileReference; lastKnownFileType = folder.assetcatalog; path = Assets.xcassets; sourceTree = "<group>"; };
		D85EBBB924E6E051002F2435 /* Preview Assets.xcassets */ = {isa = PBXFileReference; lastKnownFileType = folder.assetcatalog; path = "Preview Assets.xcassets"; sourceTree = "<group>"; };
		D85EBBBC24E6E051002F2435 /* Base */ = {isa = PBXFileReference; lastKnownFileType = file.storyboard; name = Base; path = Base.lproj/LaunchScreen.storyboard; sourceTree = "<group>"; };
		D85EBBBE24E6E051002F2435 /* Info.plist */ = {isa = PBXFileReference; lastKnownFileType = text.plist.xml; path = Info.plist; sourceTree = "<group>"; };
/* End PBXFileReference section */

/* Begin PBXFrameworksBuildPhase section */
		D85EBBAA24E6E050002F2435 /* Frameworks */ = {
			isa = PBXFrameworksBuildPhase;
			buildActionMask = 2147483647;
			files = (
			);
			runOnlyForDeploymentPostprocessing = 0;
		};
/* End PBXFrameworksBuildPhase section */

/* Begin PBXGroup section */
		D85EBBA424E6E050002F2435 = {
			isa = PBXGroup;
			children = (
				D85EBBAF24E6E050002F2435 /* cs1930_a5 */,
				D85EBBAE24E6E050002F2435 /* Products */,
			);
			sourceTree = "<group>";
		};
		D85EBBAE24E6E050002F2435 /* Products */ = {
			isa = PBXGroup;
			children = (
				D85EBBAD24E6E050002F2435 /* cs1930_a5.app */,
			);
			name = Products;
			sourceTree = "<group>";
		};
		D85EBBAF24E6E050002F2435 /* cs1930_a5 */ = {
			isa = PBXGroup;
			children = (
				D85EBBB024E6E050002F2435 /* AppDelegate.swift */,
				D85EBBB224E6E050002F2435 /* SceneDelegate.swift */,
				D85EBBB424E6E050002F2435 /* ContentView.swift */,
				D85EBBB624E6E051002F2435 /* Assets.xcassets */,
				D85EBBBB24E6E051002F2435 /* LaunchScreen.storyboard */,
				D85EBBBE24E6E051002F2435 /* Info.plist */,
				D85EBBB824E6E051002F2435 /* Preview Content */,
			);
			path = cs1930_a5;
			sourceTree = "<group>";
		};
		D85EBBB824E6E051002F2435 /* Preview Content */ = {
			isa = PBXGroup;
			children = (
				D85EBBB924E6E051002F2435 /* Preview Assets.xcassets */,
			);
			path = "Preview Content";
			sourceTree = "<group>";
		};
/* End PBXGroup section */

/* Begin PBXNativeTarget section */
		D85EBBAC24E6E050002F2435 /* cs1930_a5 */ = {
			isa = PBXNativeTarget;
			buildConfigurationList = D85EBBC124E6E051002F2435 /* Build configuration list for PBXNativeTarget "cs1930_a5" */;
			buildPhases = (
				D85EBBA924E6E050002F2435 /* Sources */,
				D85EBBAA24E6E050002F2435 /* Frameworks */,
				D85EBBAB24E6E050002F2435 /* Resources */,
			);
			buildRules = (
			);
			dependencies = (
			);
			name = cs1930_a5;
			productName = cs1930_a5;
			productReference = D85EBBAD24E6E050002F2435 /* cs1930_a5.app */;
			productType = "com.apple.product-type.application";
		};
/* End PBXNativeTarget section */

/* Begin PBXProject section */
		D85EBBA524E6E050002F2435 /* Project object */ = {
			isa = PBXProject;
			attributes = {
				LastSwiftUpdateCheck = 1160;
				LastUpgradeCheck = 1160;
				ORGANIZATIONNAME = Joe;
				TargetAttributes = {
					D85EBBAC24E6E050002F2435 = {
						CreatedOnToolsVersion = 11.6;
					};
				};
			};
			buildConfigurationList = D85EBBA824E6E050002F2435 /* Build configuration list for PBXProject "cs1930_a5" */;
			compatibilityVersion = "Xcode 9.3";
			developmentRegion = en;
			hasScannedForEncodings = 0;
			knownRegions = (
				en,
				Base,
			);
			mainGroup = D85EBBA424E6E050002F2435;
			productRefGroup = D85EBBAE24E6E050002F2435 /* Products */;
			projectDirPath = "";
			projectRoot = "";
			targets = (
				D85EBBAC24E6E050002F2435 /* cs1930_a5 */,
			);
		};
/* End PBXProject section */

/* Begin PBXResourcesBuildPhase section */
		D85EBBAB24E6E050002F2435 /* Resources */ = {
			isa = PBXResourcesBuildPhase;
			buildActionMask = 2147483647;
			files = (
				D85EBBBD24E6E051002F2435 /* LaunchScreen.storyboard in Resources */,
				D85EBBBA24E6E051002F2435 /* Preview Assets.xcassets in Resources */,
				D85EBBB724E6E051002F2435 /* Assets.xcassets in Resources */,
			);
			runOnlyForDeploymentPostprocessing = 0;
		};
/* End PBXResourcesBuildPhase section */

/* Begin PBXSourcesBuildPhase section */
		D85EBBA924E6E050002F2435 /* Sources */ = {
			isa = PBXSourcesBuildPhase;
			buildActionMask = 2147483647;
			files = (
				D85EBBB124E6E050002F2435 /* AppDelegate.swift in Sources */,
				D85EBBB324E6E050002F2435 /* SceneDelegate.swift in Sources */,
				D85EBBB524E6E050002F2435 /* ContentView.swift in Sources */,
			);
			runOnlyForDeploymentPostprocessing = 0;
		};
/* End PBXSourcesBuildPhase section */

/* Begin PBXVariantGroup section */
		D85EBBBB24E6E051002F2435 /* LaunchScreen.storyboard */ = {
			isa = PBXVariantGroup;
			children = (
				D85EBBBC24E6E051002F2435 /* Base */,
			);
			name = LaunchScreen.storyboard;
			sourceTree = "<group>";
		};
/* End PBXVariantGroup section */

/* Begin XCBuildConfiguration section */
		D85EBBBF24E6E051002F2435 /* Debug */ = {
			isa = XCBuildConfiguration;
			buildSettings = {
				ALWAYS_SEARCH_USER_PATHS = NO;
				CLANG_ANALYZER_NONNULL = YES;
				CLANG_ANALYZER_NUMBER_OBJECT_CONVERSION = YES_AGGRESSIVE;
				CLANG_CXX_LANGUAGE_STANDARD = "gnu++14";
				CLANG_CXX_LIBRARY = "libc++";
				CLANG_ENABLE_MODULES = YES;
				CLANG_ENABLE_OBJC_ARC = YES;
				CLANG_ENABLE_OBJC_WEAK = YES;
				CLANG_WARN_BLOCK_CAPTURE_AUTORELEASING = YES;
				CLANG_WARN_BOOL_CONVERSION = YES;
				CLANG_WARN_COMMA = YES;
				CLANG_WARN_CONSTANT_CONVERSION = YES;
				CLANG_WARN_DEPRECATED_OBJC_IMPLEMENTATIONS = YES;
				CLANG_WARN_DIRECT_OBJC_ISA_USAGE = YES_ERROR;
				CLANG_WARN_DOCUMENTATION_COMMENTS = YES;
				CLANG_WARN_EMPTY_BODY = YES;
				CLANG_WARN_ENUM_CONVERSION = YES;
				CLANG_WARN_INFINITE_RECURSION = YES;
				CLANG_WARN_INT_CONVERSION = YES;
				CLANG_WARN_NON_LITERAL_NULL_CONVERSION = YES;
				CLANG_WARN_OBJC_IMPLICIT_RETAIN_SELF = YES;
				CLANG_WARN_OBJC_LITERAL_CONVERSION = YES;
				CLANG_WARN_OBJC_ROOT_CLASS = YES_ERROR;
				CLANG_WARN_RANGE_LOOP_ANALYSIS = YES;
				CLANG_WARN_STRICT_PROTOTYPES = YES;
				CLANG_WARN_SUSPICIOUS_MOVE = YES;
				CLANG_WARN_UNGUARDED_AVAILABILITY = YES_AGGRESSIVE;
				CLANG_WARN_UNREACHABLE_CODE = YES;
				CLANG_WARN__DUPLICATE_METHOD_MATCH = YES;
				COPY_PHASE_STRIP = NO;
				DEBUG_INFORMATION_FORMAT = dwarf;
				ENABLE_STRICT_OBJC_MSGSEND = YES;
				ENABLE_TESTABILITY = YES;
				GCC_C_LANGUAGE_STANDARD = gnu11;
				GCC_DYNAMIC_NO_PIC = NO;
				GCC_NO_COMMON_BLOCKS = YES;
				GCC_OPTIMIZATION_LEVEL = 0;
				GCC_PREPROCESSOR_DEFINITIONS = (
					"DEBUG=1",
					"$(inherited)",
				);
				GCC_WARN_64_TO_32_BIT_CONVERSION = YES;
				GCC_WARN_ABOUT_RETURN_TYPE = YES_ERROR;
				GCC_WARN_UNDECLARED_SELECTOR = YES;
				GCC_WARN_UNINITIALIZED_AUTOS = YES_AGGRESSIVE;
				GCC_WARN_UNUSED_FUNCTION = YES;
				GCC_WARN_UNUSED_VARIABLE = YES;
				IPHONEOS_DEPLOYMENT_TARGET = 13.6;
				MTL_ENABLE_DEBUG_INFO = INCLUDE_SOURCE;
				MTL_FAST_MATH = YES;
				ONLY_ACTIVE_ARCH = YES;
				SDKROOT = iphoneos;
				SWIFT_ACTIVE_COMPILATION_CONDITIONS = DEBUG;
				SWIFT_OPTIMIZATION_LEVEL = "-Onone";
			};
			name = Debug;
		};
		D85EBBC024E6E051002F2435 /* Release */ = {
			isa = XCBuildConfiguration;
			buildSettings = {
				ALWAYS_SEARCH_USER_PATHS = NO;
				CLANG_ANALYZER_NONNULL = YES;
				CLANG_ANALYZER_NUMBER_OBJECT_CONVERSION = YES_AGGRESSIVE;
				CLANG_CXX_LANGUAGE_STANDARD = "gnu++14";
				CLANG_CXX_LIBRARY = "libc++";
				CLANG_ENABLE_MODULES = YES;
				CLANG_ENABLE_OBJC_ARC = YES;
				CLANG_ENABLE_OBJC_WEAK = YES;
				CLANG_WARN_BLOCK_CAPTURE_AUTORELEASING = YES;
				CLANG_WARN_BOOL_CONVERSION = YES;
				CLANG_WARN_COMMA = YES;
				CLANG_WARN_CONSTANT_CONVERSION = YES;
				CLANG_WARN_DEPRECATED_OBJC_IMPLEMENTATIONS = YES;
				CLANG_WARN_DIRECT_OBJC_ISA_USAGE = YES_ERROR;
				CLANG_WARN_DOCUMENTATION_COMMENTS = YES;
				CLANG_WARN_EMPTY_BODY = YES;
				CLANG_WARN_ENUM_CONVERSION = YES;
				CLANG_WARN_INFINITE_RECURSION = YES;
				CLANG_WARN_INT_CONVERSION = YES;
				CLANG_WARN_NON_LITERAL_NULL_CONVERSION = YES;
				CLANG_WARN_OBJC_IMPLICIT_RETAIN_SELF = YES;
				CLANG_WARN_OBJC_LITERAL_CONVERSION = YES;
				CLANG_WARN_OBJC_ROOT_CLASS = YES_ERROR;
				CLANG_WARN_RANGE_LOOP_ANALYSIS = YES;
				CLANG_WARN_STRICT_PROTOTYPES = YES;
				CLANG_WARN_SUSPICIOUS_MOVE = YES;
				CLANG_WARN_UNGUARDED_AVAILABILITY = YES_AGGRESSIVE;
				CLANG_WARN_UNREACHABLE_CODE = YES;
				CLANG_WARN__DUPLICATE_METHOD_MATCH = YES;
				COPY_PHASE_STRIP = NO;
				DEBUG_INFORMATION_FORMAT = "dwarf-with-dsym";
				ENABLE_NS_ASSERTIONS = NO;
				ENABLE_STRICT_OBJC_MSGSEND = YES;
				GCC_C_LANGUAGE_STANDARD = gnu11;
				GCC_NO_COMMON_BLOCKS = YES;
				GCC_WARN_64_TO_32_BIT_CONVERSION = YES;
				GCC_WARN_ABOUT_RETURN_TYPE = YES_ERROR;
				GCC_WARN_UNDECLARED_SELECTOR = YES;
				GCC_WARN_UNINITIALIZED_AUTOS = YES_AGGRESSIVE;
				GCC_WARN_UNUSED_FUNCTION = YES;
				GCC_WARN_UNUSED_VARIABLE = YES;
				IPHONEOS_DEPLOYMENT_TARGET = 13.6;
				MTL_ENABLE_DEBUG_INFO = NO;
				MTL_FAST_MATH = YES;
				SDKROOT = iphoneos;
				SWIFT_COMPILATION_MODE = wholemodule;
				SWIFT_OPTIMIZATION_LEVEL = "-O";
				VALIDATE_PRODUCT = YES;
			};
			name = Release;
		};
		D85EBBC224E6E051002F2435 /* Debug */ = {
			isa = XCBuildConfiguration;
			buildSettings = {
				ASSETCATALOG_COMPILER_APPICON_NAME = AppIcon;
				CODE_SIGN_STYLE = Automatic;
				DEVELOPMENT_ASSET_PATHS = "\"cs1930_a5/Preview Content\"";
				DEVELOPMENT_TEAM = 622463582N;
				ENABLE_PREVIEWS = YES;
				INFOPLIST_FILE = cs1930_a5/Info.plist;
				LD_RUNPATH_SEARCH_PATHS = (
					"$(inherited)",
					"@executable_path/Frameworks",
				);
				PRODUCT_BUNDLE_IDENTIFIER = "Joe.cs1930-a5";
				PRODUCT_NAME = "$(TARGET_NAME)";
				SWIFT_VERSION = 5.0;
				TARGETED_DEVICE_FAMILY = "1,2";
			};
			name = Debug;
		};
		D85EBBC324E6E051002F2435 /* Release */ = {
			isa = XCBuildConfiguration;
			buildSettings = {
				ASSETCATALOG_COMPILER_APPICON_NAME = AppIcon;
				CODE_SIGN_STYLE = Automatic;
				DEVELOPMENT_ASSET_PATHS = "\"cs1930_a5/Preview Content\"";
				DEVELOPMENT_TEAM = 622463582N;
				ENABLE_PREVIEWS = YES;
				INFOPLIST_FILE = cs1930_a5/Info.plist;
				LD_RUNPATH_SEARCH_PATHS = (
					"$(inherited)",
					"@executable_path/Frameworks",
				);
				PRODUCT_BUNDLE_IDENTIFIER = "Joe.cs1930-a5";
				PRODUCT_NAME = "$(TARGET_NAME)";
				SWIFT_VERSION = 5.0;
				TARGETED_DEVICE_FAMILY = "1,2";
			};
			name = Release;
		};
/* End XCBuildConfiguration section */

/* Begin XCConfigurationList section */
		D85EBBA824E6E050002F2435 /* Build configuration list for PBXProject "cs1930_a5" */ = {
			isa = XCConfigurationList;
			buildConfigurations = (
				D85EBBBF24E6E051002F2435 /* Debug */,
				D85EBBC024E6E051002F2435 /* Release */,
			);
			defaultConfigurationIsVisible = 0;
			defaultConfigurationName = Release;
		};
		D85EBBC124E6E051002F2435 /* Build configuration list for PBXNativeTarget "cs1930_a5" */ = {
			isa = XCConfigurationList;
			buildConfigurations = (
				D85EBBC224E6E051002F2435 /* Debug */,
				D85EBBC324E6E051002F2435 /* Release */,
			);
			defaultConfigurationIsVisible = 0;
			defaultConfigurationName = Release;
		};
/* End XCConfigurationList section */
	};
	rootObject = D85EBBA524E6E050002F2435 /* Project object */;
}
